
Microsoft Visual Studio Solution File, Format Version 12.00
# Visual Studio 14
VisualStudioVersion = 14.0.25420.1
MinimumVisualStudioVersion = 10.0.40219.1
Project("{F2A71F9B-5D33-465A-A702-920D77279786}") = "AmApi", "AmApi\AmApi.fsproj", "{BDCEBF17-6683-49D2-A827-33D537999301}"
EndProject
Project("{2150E333-8FDC-42A3-9474-1A3956D46DE8}") = "Solution Items", "Solution Items", "{16BE47E8-0B12-4A68-AD7A-136FE41D2C24}"
	ProjectSection(SolutionItems) = preProject
		paket.dependencies = paket.dependencies
		paket.lock = paket.lock
	EndProjectSection
EndProject
Project("{F2A71F9B-5D33-465A-A702-920D77279786}") = "Suave", "..\suave\src\Suave\Suave.fsproj", "{3DC9193E-BD0C-4486-9C58-56B630C36623}"
EndProject
Project("{F2A71F9B-5D33-465A-A702-920D77279786}") = "AmApi.UnitTests", "AmApi.UnitTests\AmApi.UnitTests.fsproj", "{E6FBAF4C-4F8A-4605-B832-5E93D9E77E78}"
EndProject
Project("{F2A71F9B-5D33-465A-A702-920D77279786}") = "FSharpx.Extras", "..\FSharpx.Extras\src\FSharpx.Extras\FSharpx.Extras.fsproj", "{1E95A279-C2A9-498B-BC72-6E7A0D6854CE}"
EndProject
Global
	GlobalSection(SolutionConfigurationPlatforms) = preSolution
		Debug|Any CPU = Debug|Any CPU
		Debug|x86 = Debug|x86
		Release|Any CPU = Release|Any CPU
		Release|x86 = Release|x86
	EndGlobalSection
	GlobalSection(ProjectConfigurationPlatforms) = postSolution
		{BDCEBF17-6683-49D2-A827-33D537999301}.Debug|Any CPU.ActiveCfg = Debug|Any CPU
		{BDCEBF17-6683-49D2-A827-33D537999301}.Debug|Any CPU.Build.0 = Debug|Any CPU
		{BDCEBF17-6683-49D2-A827-33D537999301}.Debug|x86.ActiveCfg = Debug|Any CPU
		{BDCEBF17-6683-49D2-A827-33D537999301}.Debug|x86.Build.0 = Debug|Any CPU
		{BDCEBF17-6683-49D2-A827-33D537999301}.Release|Any CPU.ActiveCfg = Release|Any CPU
		{BDCEBF17-6683-49D2-A827-33D537999301}.Release|Any CPU.Build.0 = Release|Any CPU
		{BDCEBF17-6683-49D2-A827-33D537999301}.Release|x86.ActiveCfg = Release|Any CPU
		{BDCEBF17-6683-49D2-A827-33D537999301}.Release|x86.Build.0 = Release|Any CPU
		{3DC9193E-BD0C-4486-9C58-56B630C36623}.Debug|Any CPU.ActiveCfg = Debug|Any CPU
		{3DC9193E-BD0C-4486-9C58-56B630C36623}.Debug|Any CPU.Build.0 = Debug|Any CPU
		{3DC9193E-BD0C-4486-9C58-56B630C36623}.Debug|x86.ActiveCfg = Debug|x86
		{3DC9193E-BD0C-4486-9C58-56B630C36623}.Debug|x86.Build.0 = Debug|x86
		{3DC9193E-BD0C-4486-9C58-56B630C36623}.Release|Any CPU.ActiveCfg = Release|Any CPU
		{3DC9193E-BD0C-4486-9C58-56B630C36623}.Release|Any CPU.Build.0 = Release|Any CPU
		{3DC9193E-BD0C-4486-9C58-56B630C36623}.Release|x86.ActiveCfg = Release|x86
		{3DC9193E-BD0C-4486-9C58-56B630C36623}.Release|x86.Build.0 = Release|x86
		{E6FBAF4C-4F8A-4605-B832-5E93D9E77E78}.Debug|Any CPU.ActiveCfg = Debug|Any CPU
		{E6FBAF4C-4F8A-4605-B832-5E93D9E77E78}.Debug|Any CPU.Build.0 = Debug|Any CPU
		{E6FBAF4C-4F8A-4605-B832-5E93D9E77E78}.Debug|x86.ActiveCfg = Debug|Any CPU
		{E6FBAF4C-4F8A-4605-B832-5E93D9E77E78}.Debug|x86.Build.0 = Debug|Any CPU
		{E6FBAF4C-4F8A-4605-B832-5E93D9E77E78}.Release|Any CPU.ActiveCfg = Release|Any CPU
		{E6FBAF4C-4F8A-4605-B832-5E93D9E77E78}.Release|Any CPU.Build.0 = Release|Any CPU
		{E6FBAF4C-4F8A-4605-B832-5E93D9E77E78}.Release|x86.ActiveCfg = Release|Any CPU
		{E6FBAF4C-4F8A-4605-B832-5E93D9E77E78}.Release|x86.Build.0 = Release|Any CPU
		{1E95A279-C2A9-498B-BC72-6E7A0D6854CE}.Debug|Any CPU.ActiveCfg = Debug|Any CPU
		{1E95A279-C2A9-498B-BC72-6E7A0D6854CE}.Debug|Any CPU.Build.0 = Debug|Any CPU
		{1E95A279-C2A9-498B-BC72-6E7A0D6854CE}.Debug|x86.ActiveCfg = Debug|Any CPU
		{1E95A279-C2A9-498B-BC72-6E7A0D6854CE}.Debug|x86.Build.0 = Debug|Any CPU
		{1E95A279-C2A9-498B-BC72-6E7A0D6854CE}.Release|Any CPU.ActiveCfg = Release|Any CPU
		{1E95A279-C2A9-498B-BC72-6E7A0D6854CE}.Release|Any CPU.Build.0 = Release|Any CPU
		{1E95A279-C2A9-498B-BC72-6E7A0D6854CE}.Release|x86.ActiveCfg = Release|Any CPU
		{1E95A279-C2A9-498B-BC72-6E7A0D6854CE}.Release|x86.Build.0 = Release|Any CPU
	EndGlobalSection
	GlobalSection(SolutionProperties) = preSolution
		HideSolutionNode = FALSE
	EndGlobalSection
EndGlobal
